
Microsoft Visual Studio Solution File, Format Version 12.00
# Visual Studio Version 17
VisualStudioVersion = 17.10.34928.147
MinimumVisualStudioVersion = 10.0.40219.1
Project("{2150E333-8FDC-42A3-9474-1A3956D46DE8}") = "PasswordServer", "PasswordServer", "{36D591C7-65C7-A0D1-1CBC-10CDE441BDC8}"
EndProject
Project("{FAE04EC0-301F-11D3-BF4B-00C04F79EFBC}") = "PasswordService.Application", "PasswordService.Application\PasswordService.Application.csproj", "{834117B1-88F8-4122-866C-53F6989C1B2A}"
EndProject
Project("{FAE04EC0-301F-11D3-BF4B-00C04F79EFBC}") = "PasswordService.Domain", "PasswordService.Domain\PasswordService.Domain.csproj", "{23C33451-D73B-4987-A1CD-9B63030F1219}"
EndProject
Project("{FAE04EC0-301F-11D3-BF4B-00C04F79EFBC}") = "PasswordService.Infrastructure", "PasswordService.Infrastructure\PasswordService.Infrastructure.csproj", "{699BDDC8-2ABD-4A82-B97A-67F51425E82E}"
EndProject
Project("{2150E333-8FDC-42A3-9474-1A3956D46DE8}") = "AuthServer", "AuthServer", "{9A76B927-560D-47F0-A52B-E91FE6ACC2D1}"
EndProject
Project("{FAE04EC0-301F-11D3-BF4B-00C04F79EFBC}") = "AuthService.Domain", "AuthService.Domain\AuthService.Domain.csproj", "{038C12E5-1913-4547-8A8F-A542586FC0FB}"
EndProject
Project("{FAE04EC0-301F-11D3-BF4B-00C04F79EFBC}") = "AuthService.Application", "AuthService.Application\AuthService.Application.csproj", "{FE3DD0B7-94DF-4EE1-863F-79B47A50A47B}"
EndProject
Project("{FAE04EC0-301F-11D3-BF4B-00C04F79EFBC}") = "AuthService.Infrastructure", "AuthService.Infrastructure\AuthService.Infrastructure.csproj", "{3BD50CE8-6EF8-4940-A470-BC804FEE4543}"
EndProject
Project("{FAE04EC0-301F-11D3-BF4B-00C04F79EFBC}") = "AuthService.WebApi", "WebApi\AuthService.WebApi.csproj", "{67C86FF8-BC36-4E2A-A2CC-A8EFF551F09B}"
EndProject
Project("{FAE04EC0-301F-11D3-BF4B-00C04F79EFBC}") = "PasswordService.WebApi", "PasswordService.WebApi\PasswordService.WebApi.csproj", "{72820F6F-6383-4AEA-8654-960E935F967E}"
EndProject
Global
	GlobalSection(SolutionConfigurationPlatforms) = preSolution
		Debug|Any CPU = Debug|Any CPU
		Release|Any CPU = Release|Any CPU
	EndGlobalSection
	GlobalSection(ProjectConfigurationPlatforms) = postSolution
		{834117B1-88F8-4122-866C-53F6989C1B2A}.Debug|Any CPU.ActiveCfg = Debug|Any CPU
		{834117B1-88F8-4122-866C-53F6989C1B2A}.Debug|Any CPU.Build.0 = Debug|Any CPU
		{834117B1-88F8-4122-866C-53F6989C1B2A}.Release|Any CPU.ActiveCfg = Release|Any CPU
		{834117B1-88F8-4122-866C-53F6989C1B2A}.Release|Any CPU.Build.0 = Release|Any CPU
		{23C33451-D73B-4987-A1CD-9B63030F1219}.Debug|Any CPU.ActiveCfg = Debug|Any CPU
		{23C33451-D73B-4987-A1CD-9B63030F1219}.Debug|Any CPU.Build.0 = Debug|Any CPU
		{23C33451-D73B-4987-A1CD-9B63030F1219}.Release|Any CPU.ActiveCfg = Release|Any CPU
		{23C33451-D73B-4987-A1CD-9B63030F1219}.Release|Any CPU.Build.0 = Release|Any CPU
		{699BDDC8-2ABD-4A82-B97A-67F51425E82E}.Debug|Any CPU.ActiveCfg = Debug|Any CPU
		{699BDDC8-2ABD-4A82-B97A-67F51425E82E}.Debug|Any CPU.Build.0 = Debug|Any CPU
		{699BDDC8-2ABD-4A82-B97A-67F51425E82E}.Release|Any CPU.ActiveCfg = Release|Any CPU
		{699BDDC8-2ABD-4A82-B97A-67F51425E82E}.Release|Any CPU.Build.0 = Release|Any CPU
		{038C12E5-1913-4547-8A8F-A542586FC0FB}.Debug|Any CPU.ActiveCfg = Debug|Any CPU
		{038C12E5-1913-4547-8A8F-A542586FC0FB}.Debug|Any CPU.Build.0 = Debug|Any CPU
		{038C12E5-1913-4547-8A8F-A542586FC0FB}.Release|Any CPU.ActiveCfg = Release|Any CPU
		{038C12E5-1913-4547-8A8F-A542586FC0FB}.Release|Any CPU.Build.0 = Release|Any CPU
		{FE3DD0B7-94DF-4EE1-863F-79B47A50A47B}.Debug|Any CPU.ActiveCfg = Debug|Any CPU
		{FE3DD0B7-94DF-4EE1-863F-79B47A50A47B}.Debug|Any CPU.Build.0 = Debug|Any CPU
		{FE3DD0B7-94DF-4EE1-863F-79B47A50A47B}.Release|Any CPU.ActiveCfg = Release|Any CPU
		{FE3DD0B7-94DF-4EE1-863F-79B47A50A47B}.Release|Any CPU.Build.0 = Release|Any CPU
		{3BD50CE8-6EF8-4940-A470-BC804FEE4543}.Debug|Any CPU.ActiveCfg = Debug|Any CPU
		{3BD50CE8-6EF8-4940-A470-BC804FEE4543}.Debug|Any CPU.Build.0 = Debug|Any CPU
		{3BD50CE8-6EF8-4940-A470-BC804FEE4543}.Release|Any CPU.ActiveCfg = Release|Any CPU
		{3BD50CE8-6EF8-4940-A470-BC804FEE4543}.Release|Any CPU.Build.0 = Release|Any CPU
		{67C86FF8-BC36-4E2A-A2CC-A8EFF551F09B}.Debug|Any CPU.ActiveCfg = Debug|Any CPU
		{67C86FF8-BC36-4E2A-A2CC-A8EFF551F09B}.Debug|Any CPU.Build.0 = Debug|Any CPU
		{67C86FF8-BC36-4E2A-A2CC-A8EFF551F09B}.Release|Any CPU.ActiveCfg = Release|Any CPU
		{67C86FF8-BC36-4E2A-A2CC-A8EFF551F09B}.Release|Any CPU.Build.0 = Release|Any CPU
		{72820F6F-6383-4AEA-8654-960E935F967E}.Debug|Any CPU.ActiveCfg = Debug|Any CPU
		{72820F6F-6383-4AEA-8654-960E935F967E}.Debug|Any CPU.Build.0 = Debug|Any CPU
		{72820F6F-6383-4AEA-8654-960E935F967E}.Release|Any CPU.ActiveCfg = Release|Any CPU
		{72820F6F-6383-4AEA-8654-960E935F967E}.Release|Any CPU.Build.0 = Release|Any CPU
	EndGlobalSection
	GlobalSection(SolutionProperties) = preSolution
		HideSolutionNode = FALSE
	EndGlobalSection
	GlobalSection(NestedProjects) = preSolution
		{834117B1-88F8-4122-866C-53F6989C1B2A} = {36D591C7-65C7-A0D1-1CBC-10CDE441BDC8}
		{23C33451-D73B-4987-A1CD-9B63030F1219} = {36D591C7-65C7-A0D1-1CBC-10CDE441BDC8}
		{699BDDC8-2ABD-4A82-B97A-67F51425E82E} = {36D591C7-65C7-A0D1-1CBC-10CDE441BDC8}
		{038C12E5-1913-4547-8A8F-A542586FC0FB} = {9A76B927-560D-47F0-A52B-E91FE6ACC2D1}
		{FE3DD0B7-94DF-4EE1-863F-79B47A50A47B} = {9A76B927-560D-47F0-A52B-E91FE6ACC2D1}
		{3BD50CE8-6EF8-4940-A470-BC804FEE4543} = {9A76B927-560D-47F0-A52B-E91FE6ACC2D1}
		{67C86FF8-BC36-4E2A-A2CC-A8EFF551F09B} = {9A76B927-560D-47F0-A52B-E91FE6ACC2D1}
		{72820F6F-6383-4AEA-8654-960E935F967E} = {36D591C7-65C7-A0D1-1CBC-10CDE441BDC8}
	EndGlobalSection
	GlobalSection(ExtensibilityGlobals) = postSolution
		SolutionGuid = {E1F430DA-FB9C-4ED9-8C41-EEABF3B184AA}
	EndGlobalSection
EndGlobal
