
Microsoft Visual Studio Solution File, Format Version 12.00
# Visual Studio Version 17
VisualStudioVersion = 17.10.34928.147
MinimumVisualStudioVersion = 10.0.40219.1
Project("{9A19103F-16F7-4668-BE54-9A1E7A4F7556}") = "PasswordBoxGrpcServer", "PasswordBoxGrpcServer\PasswordBoxGrpcServer.csproj", "{23C830E1-C62D-4216-ACE4-13DA6BD257FD}"
EndProject
Project("{FAE04EC0-301F-11D3-BF4B-00C04F79EFBC}") = "PasswordBoxGrpcServer.Tests", "PasswordBoxGrpcServer.Tests\PasswordBoxGrpcServer.Tests.csproj", "{6D37E92A-29CA-4405-816C-4D3DB9D1F05F}"
EndProject
Global
	GlobalSection(SolutionConfigurationPlatforms) = preSolution
		Debug|Any CPU = Debug|Any CPU
		Release|Any CPU = Release|Any CPU
	EndGlobalSection
	GlobalSection(ProjectConfigurationPlatforms) = postSolution
		{23C830E1-C62D-4216-ACE4-13DA6BD257FD}.Debug|Any CPU.ActiveCfg = Debug|Any CPU
		{23C830E1-C62D-4216-ACE4-13DA6BD257FD}.Debug|Any CPU.Build.0 = Debug|Any CPU
		{23C830E1-C62D-4216-ACE4-13DA6BD257FD}.Release|Any CPU.ActiveCfg = Release|Any CPU
		{23C830E1-C62D-4216-ACE4-13DA6BD257FD}.Release|Any CPU.Build.0 = Release|Any CPU
		{6D37E92A-29CA-4405-816C-4D3DB9D1F05F}.Debug|Any CPU.ActiveCfg = Debug|Any CPU
		{6D37E92A-29CA-4405-816C-4D3DB9D1F05F}.Debug|Any CPU.Build.0 = Debug|Any CPU
		{6D37E92A-29CA-4405-816C-4D3DB9D1F05F}.Release|Any CPU.ActiveCfg = Release|Any CPU
		{6D37E92A-29CA-4405-816C-4D3DB9D1F05F}.Release|Any CPU.Build.0 = Release|Any CPU
	EndGlobalSection
	GlobalSection(SolutionProperties) = preSolution
		HideSolutionNode = FALSE
	EndGlobalSection
	GlobalSection(ExtensibilityGlobals) = postSolution
		SolutionGuid = {E1F430DA-FB9C-4ED9-8C41-EEABF3B184AA}
	EndGlobalSection
EndGlobal
