
Microsoft Visual Studio Solution File, Format Version 12.00
# Visual Studio Version 17
VisualStudioVersion = 17.10.34928.147
MinimumVisualStudioVersion = 10.0.40219.1
Project("{9A19103F-16F7-4668-BE54-9A1E7A4F7556}") = "AuthService", "AuthorisationService\AuthService.csproj", "{AC6D7269-B0BB-4E3A-A35B-9EB34D4B549D}"
EndProject
Project("{9A19103F-16F7-4668-BE54-9A1E7A4F7556}") = "AESEncryptionLib", "AESEncryptionLib\AESEncryptionLib.csproj", "{97EAB921-19B1-46A7-A606-2946C6DBEDB5}"
EndProject
Project("{9A19103F-16F7-4668-BE54-9A1E7A4F7556}") = "PasswordService", "PasswordService\PasswordService.csproj", "{78E245B7-B6D2-498C-A74F-8C6518AC82E7}"
EndProject
Project("{9A19103F-16F7-4668-BE54-9A1E7A4F7556}") = "RepositoryLib", "RepositoryLib\RepositoryLib.csproj", "{7B4D1460-0378-4F2C-8456-00D4E5210BEB}"
EndProject
Project("{FAE04EC0-301F-11D3-BF4B-00C04F79EFBC}") = "PasswordBoxClient", "PasswordsBunker\PasswordBoxClient.csproj", "{119833E9-F3EE-4B4C-9887-E82EFA06A135}"
EndProject
Project("{2150E333-8FDC-42A3-9474-1A3956D46DE8}") = "PasswordServer", "PasswordServer", "{36D591C7-65C7-A0D1-1CBC-10CDE441BDC8}"
EndProject
Project("{FAE04EC0-301F-11D3-BF4B-00C04F79EFBC}") = "PasswordService.Application", "PasswordService.Application\PasswordService.Application.csproj", "{834117B1-88F8-4122-866C-53F6989C1B2A}"
EndProject
Project("{FAE04EC0-301F-11D3-BF4B-00C04F79EFBC}") = "PasswordService.Domain", "PasswordService.Domain\PasswordService.Domain.csproj", "{23C33451-D73B-4987-A1CD-9B63030F1219}"
EndProject
Project("{FAE04EC0-301F-11D3-BF4B-00C04F79EFBC}") = "PasswordService.Infrastructure", "PasswordService.Infrastructure\PasswordService.Infrastructure.csproj", "{699BDDC8-2ABD-4A82-B97A-67F51425E82E}"
EndProject
Project("{FAE04EC0-301F-11D3-BF4B-00C04F79EFBC}") = "PasswordService.Presentation", "PasswordService.Presentation\PasswordService.Presentation.csproj", "{8E5584C7-D706-4424-8842-D85E8D4265D7}"
EndProject
Global
	GlobalSection(SolutionConfigurationPlatforms) = preSolution
		Debug|Any CPU = Debug|Any CPU
		Release|Any CPU = Release|Any CPU
	EndGlobalSection
	GlobalSection(ProjectConfigurationPlatforms) = postSolution
		{AC6D7269-B0BB-4E3A-A35B-9EB34D4B549D}.Debug|Any CPU.ActiveCfg = Debug|Any CPU
		{AC6D7269-B0BB-4E3A-A35B-9EB34D4B549D}.Debug|Any CPU.Build.0 = Debug|Any CPU
		{AC6D7269-B0BB-4E3A-A35B-9EB34D4B549D}.Release|Any CPU.ActiveCfg = Release|Any CPU
		{AC6D7269-B0BB-4E3A-A35B-9EB34D4B549D}.Release|Any CPU.Build.0 = Release|Any CPU
		{97EAB921-19B1-46A7-A606-2946C6DBEDB5}.Debug|Any CPU.ActiveCfg = Debug|Any CPU
		{97EAB921-19B1-46A7-A606-2946C6DBEDB5}.Debug|Any CPU.Build.0 = Debug|Any CPU
		{97EAB921-19B1-46A7-A606-2946C6DBEDB5}.Release|Any CPU.ActiveCfg = Release|Any CPU
		{97EAB921-19B1-46A7-A606-2946C6DBEDB5}.Release|Any CPU.Build.0 = Release|Any CPU
		{78E245B7-B6D2-498C-A74F-8C6518AC82E7}.Debug|Any CPU.ActiveCfg = Debug|Any CPU
		{78E245B7-B6D2-498C-A74F-8C6518AC82E7}.Debug|Any CPU.Build.0 = Debug|Any CPU
		{78E245B7-B6D2-498C-A74F-8C6518AC82E7}.Release|Any CPU.ActiveCfg = Release|Any CPU
		{78E245B7-B6D2-498C-A74F-8C6518AC82E7}.Release|Any CPU.Build.0 = Release|Any CPU
		{7B4D1460-0378-4F2C-8456-00D4E5210BEB}.Debug|Any CPU.ActiveCfg = Debug|Any CPU
		{7B4D1460-0378-4F2C-8456-00D4E5210BEB}.Debug|Any CPU.Build.0 = Debug|Any CPU
		{7B4D1460-0378-4F2C-8456-00D4E5210BEB}.Release|Any CPU.ActiveCfg = Release|Any CPU
		{7B4D1460-0378-4F2C-8456-00D4E5210BEB}.Release|Any CPU.Build.0 = Release|Any CPU
		{119833E9-F3EE-4B4C-9887-E82EFA06A135}.Debug|Any CPU.ActiveCfg = Debug|Any CPU
		{119833E9-F3EE-4B4C-9887-E82EFA06A135}.Debug|Any CPU.Build.0 = Debug|Any CPU
		{119833E9-F3EE-4B4C-9887-E82EFA06A135}.Release|Any CPU.ActiveCfg = Release|Any CPU
		{119833E9-F3EE-4B4C-9887-E82EFA06A135}.Release|Any CPU.Build.0 = Release|Any CPU
		{834117B1-88F8-4122-866C-53F6989C1B2A}.Debug|Any CPU.ActiveCfg = Debug|Any CPU
		{834117B1-88F8-4122-866C-53F6989C1B2A}.Debug|Any CPU.Build.0 = Debug|Any CPU
		{834117B1-88F8-4122-866C-53F6989C1B2A}.Release|Any CPU.ActiveCfg = Release|Any CPU
		{834117B1-88F8-4122-866C-53F6989C1B2A}.Release|Any CPU.Build.0 = Release|Any CPU
		{23C33451-D73B-4987-A1CD-9B63030F1219}.Debug|Any CPU.ActiveCfg = Debug|Any CPU
		{23C33451-D73B-4987-A1CD-9B63030F1219}.Debug|Any CPU.Build.0 = Debug|Any CPU
		{23C33451-D73B-4987-A1CD-9B63030F1219}.Release|Any CPU.ActiveCfg = Release|Any CPU
		{23C33451-D73B-4987-A1CD-9B63030F1219}.Release|Any CPU.Build.0 = Release|Any CPU
		{699BDDC8-2ABD-4A82-B97A-67F51425E82E}.Debug|Any CPU.ActiveCfg = Debug|Any CPU
		{699BDDC8-2ABD-4A82-B97A-67F51425E82E}.Debug|Any CPU.Build.0 = Debug|Any CPU
		{699BDDC8-2ABD-4A82-B97A-67F51425E82E}.Release|Any CPU.ActiveCfg = Release|Any CPU
		{699BDDC8-2ABD-4A82-B97A-67F51425E82E}.Release|Any CPU.Build.0 = Release|Any CPU
		{8E5584C7-D706-4424-8842-D85E8D4265D7}.Debug|Any CPU.ActiveCfg = Debug|Any CPU
		{8E5584C7-D706-4424-8842-D85E8D4265D7}.Debug|Any CPU.Build.0 = Debug|Any CPU
		{8E5584C7-D706-4424-8842-D85E8D4265D7}.Release|Any CPU.ActiveCfg = Release|Any CPU
		{8E5584C7-D706-4424-8842-D85E8D4265D7}.Release|Any CPU.Build.0 = Release|Any CPU
	EndGlobalSection
	GlobalSection(SolutionProperties) = preSolution
		HideSolutionNode = FALSE
	EndGlobalSection
	GlobalSection(NestedProjects) = preSolution
		{78E245B7-B6D2-498C-A74F-8C6518AC82E7} = {36D591C7-65C7-A0D1-1CBC-10CDE441BDC8}
		{834117B1-88F8-4122-866C-53F6989C1B2A} = {36D591C7-65C7-A0D1-1CBC-10CDE441BDC8}
		{23C33451-D73B-4987-A1CD-9B63030F1219} = {36D591C7-65C7-A0D1-1CBC-10CDE441BDC8}
		{699BDDC8-2ABD-4A82-B97A-67F51425E82E} = {36D591C7-65C7-A0D1-1CBC-10CDE441BDC8}
		{8E5584C7-D706-4424-8842-D85E8D4265D7} = {36D591C7-65C7-A0D1-1CBC-10CDE441BDC8}
	EndGlobalSection
	GlobalSection(ExtensibilityGlobals) = postSolution
		SolutionGuid = {E1F430DA-FB9C-4ED9-8C41-EEABF3B184AA}
	EndGlobalSection
EndGlobal
